
Microsoft Visual Studio Solution File, Format Version 12.00
# Visual Studio Version 17
VisualStudioVersion = 17.12.35521.163 d17.12
MinimumVisualStudioVersion = 10.0.40219.1
Project("{FAE04EC0-301F-11D3-BF4B-00C04F79EFBC}") = "EveningWeb", "EveningWeb\EveningWeb.csproj", "{22781630-F757-4D93-9998-1FF686E6ADDB}"
EndProject
Project("{FAE04EC0-301F-11D3-BF4B-00C04F79EFBC}") = "Evening.Domain", "Evening.Domain\Evening.Domain.csproj", "{3AF8A3E3-0B63-4CE3-99CD-D7C10DF221D0}"
EndProject
Project("{FAE04EC0-301F-11D3-BF4B-00C04F79EFBC}") = "Evening.Application", "Evening.Application\Evening.Application.csproj", "{6988C451-2240-4A17-8128-70F618D7DD80}"
EndProject
Project("{FAE04EC0-301F-11D3-BF4B-00C04F79EFBC}") = "Evening.Infrastructure", "Evening.Infrastructure\Evening.Infrastructure.csproj", "{54D649B5-6DBD-4B98-A012-74C6D310228E}"
EndProject
Global
	GlobalSection(SolutionConfigurationPlatforms) = preSolution
		Debug|Any CPU = Debug|Any CPU
		Release|Any CPU = Release|Any CPU
	EndGlobalSection
	GlobalSection(ProjectConfigurationPlatforms) = postSolution
		{22781630-F757-4D93-9998-1FF686E6ADDB}.Debug|Any CPU.ActiveCfg = Debug|Any CPU
		{22781630-F757-4D93-9998-1FF686E6ADDB}.Debug|Any CPU.Build.0 = Debug|Any CPU
		{22781630-F757-4D93-9998-1FF686E6ADDB}.Release|Any CPU.ActiveCfg = Release|Any CPU
		{22781630-F757-4D93-9998-1FF686E6ADDB}.Release|Any CPU.Build.0 = Release|Any CPU
		{3AF8A3E3-0B63-4CE3-99CD-D7C10DF221D0}.Debug|Any CPU.ActiveCfg = Debug|Any CPU
		{3AF8A3E3-0B63-4CE3-99CD-D7C10DF221D0}.Debug|Any CPU.Build.0 = Debug|Any CPU
		{3AF8A3E3-0B63-4CE3-99CD-D7C10DF221D0}.Release|Any CPU.ActiveCfg = Release|Any CPU
		{3AF8A3E3-0B63-4CE3-99CD-D7C10DF221D0}.Release|Any CPU.Build.0 = Release|Any CPU
		{6988C451-2240-4A17-8128-70F618D7DD80}.Debug|Any CPU.ActiveCfg = Debug|Any CPU
		{6988C451-2240-4A17-8128-70F618D7DD80}.Debug|Any CPU.Build.0 = Debug|Any CPU
		{6988C451-2240-4A17-8128-70F618D7DD80}.Release|Any CPU.ActiveCfg = Release|Any CPU
		{6988C451-2240-4A17-8128-70F618D7DD80}.Release|Any CPU.Build.0 = Release|Any CPU
		{54D649B5-6DBD-4B98-A012-74C6D310228E}.Debug|Any CPU.ActiveCfg = Debug|Any CPU
		{54D649B5-6DBD-4B98-A012-74C6D310228E}.Debug|Any CPU.Build.0 = Debug|Any CPU
		{54D649B5-6DBD-4B98-A012-74C6D310228E}.Release|Any CPU.ActiveCfg = Release|Any CPU
		{54D649B5-6DBD-4B98-A012-74C6D310228E}.Release|Any CPU.Build.0 = Release|Any CPU
	EndGlobalSection
	GlobalSection(SolutionProperties) = preSolution
		HideSolutionNode = FALSE
	EndGlobalSection
EndGlobal
